
Microsoft Visual Studio Solution File, Format Version 12.00
# Visual Studio Version 16
VisualStudioVersion = 16.0.30621.155
MinimumVisualStudioVersion = 10.0.40219.1
Project("{9A19103F-16F7-4668-BE54-9A1E7A4F7556}") = "Core.Startup", "Core\Core.Startup\Core.Startup.csproj", "{F127286B-9704-48BB-BD4A-C33A262D0007}"
EndProject
Project("{9A19103F-16F7-4668-BE54-9A1E7A4F7556}") = "Core.Domain", "Core\Core.Domain\Core.Domain.csproj", "{84D479AB-D6CC-4DB5-82D4-ABD677F634D7}"
EndProject
Project("{9A19103F-16F7-4668-BE54-9A1E7A4F7556}") = "Core.Web", "Core\Core.Web\Core.Web.csproj", "{9439F847-FD10-4B09-93A6-5183D68B2869}"
EndProject
Project("{9A19103F-16F7-4668-BE54-9A1E7A4F7556}") = "Core.Infrastructure", "Core\Core.Infrastructure\Core.Infrastructure.csproj", "{BCEA6EE6-9003-454E-8A98-F52CC86FA1C7}"
EndProject
Project("{9A19103F-16F7-4668-BE54-9A1E7A4F7556}") = "Core.Application", "Core\Core.Application\Core.Application.csproj", "{9C3A7D00-9CF6-4401-8492-4B03C0881241}"
EndProject
Project("{2150E333-8FDC-42A3-9474-1A3956D46DE8}") = "Common", "Common", "{F6026B6A-447F-4325-BE06-67956BB9D007}"
EndProject
Project("{2150E333-8FDC-42A3-9474-1A3956D46DE8}") = "Core", "Core", "{CD953C17-E54A-42A5-BA1A-FCB6C5E58C90}"
EndProject
Project("{2150E333-8FDC-42A3-9474-1A3956D46DE8}") = "Identity", "Identity", "{2801102F-5D6F-4631-8BDB-AFFD6AE9D765}"
EndProject
Project("{9A19103F-16F7-4668-BE54-9A1E7A4F7556}") = "Common.Domain", "Common\Common.Domain\Common.Domain.csproj", "{CBAC3294-5F38-423B-9FC1-79E9F7DE4269}"
EndProject
Project("{9A19103F-16F7-4668-BE54-9A1E7A4F7556}") = "Common.Infrastructure", "Common\Common.Infrastructure\Common.Infrastructure.csproj", "{E31E9290-32C6-481D-AAD3-A3394C5B34F6}"
EndProject
Project("{9A19103F-16F7-4668-BE54-9A1E7A4F7556}") = "Common.Application", "Common\Common.Application\Common.Application.csproj", "{B202A714-5FF9-4272-AEB5-F8E8C5F23D3B}"
EndProject
Project("{9A19103F-16F7-4668-BE54-9A1E7A4F7556}") = "Common.Web", "Common\Common.Web\Common.Web.csproj", "{9807DB95-3AD5-4ADC-8EDC-65E4047ED7D2}"
EndProject
Project("{9A19103F-16F7-4668-BE54-9A1E7A4F7556}") = "Identity.Infrastructure", "Identity\Identity.Infrastructure\Identity.Infrastructure.csproj", "{3B55A1E4-2B29-457C-929B-9BF3F1C85B1F}"
EndProject
Project("{9A19103F-16F7-4668-BE54-9A1E7A4F7556}") = "Identity.Application", "Identity\Identity.Application\Identity.Application.csproj", "{89FA5052-67DA-4FF4-8CDF-1CD70E8D8FBF}"
EndProject
Project("{9A19103F-16F7-4668-BE54-9A1E7A4F7556}") = "Identity.Web", "Identity\Identity.Web\Identity.Web.csproj", "{D18A37A2-4CF0-4047-998A-A0B828875D39}"
EndProject
Project("{9A19103F-16F7-4668-BE54-9A1E7A4F7556}") = "Identity.Startup", "Identity\Identity.Startup\Identity.Startup.csproj", "{BCA1F77B-E0B3-4338-81DC-5550C693ABC6}"
EndProject
Project("{2150E333-8FDC-42A3-9474-1A3956D46DE8}") = "Betting", "Betting", "{CEE06EB7-E6BC-436C-96A9-575E1AC2DA7D}"
EndProject
Project("{9A19103F-16F7-4668-BE54-9A1E7A4F7556}") = "Betting.Domain", "Betting\Betting.Domain\Betting.Domain.csproj", "{1A2CDCCE-36AF-44DA-A92C-C703A0BC16A8}"
EndProject
Project("{9A19103F-16F7-4668-BE54-9A1E7A4F7556}") = "Betting.Infrastructure", "Betting\Betting.Infrastructure\Betting.Infrastructure.csproj", "{414A45B7-B0B0-4BBA-B174-39E6944A29FD}"
EndProject
Project("{9A19103F-16F7-4668-BE54-9A1E7A4F7556}") = "Betting.Application", "Betting\Betting.Application\Betting.Application.csproj", "{10715B56-2F71-49EB-B518-EAA438A35E2E}"
EndProject
Project("{9A19103F-16F7-4668-BE54-9A1E7A4F7556}") = "Betting.Startup", "Betting\Betting.Startup\Betting.Startup.csproj", "{0052BB52-C72D-459F-9D06-EB0AB81F214A}"
EndProject
Project("{9A19103F-16F7-4668-BE54-9A1E7A4F7556}") = "Betting.Web", "Betting\Betting.Web\Betting.Web.csproj", "{62B67DF8-CE45-4541-9464-37BECFB5D219}"
EndProject
Project("{2150E333-8FDC-42A3-9474-1A3956D46DE8}") = "Matches", "Matches", "{DBD0ACAE-32D4-4FA6-B35A-38D8ADF62F12}"
EndProject
Project("{FAE04EC0-301F-11D3-BF4B-00C04F79EFBC}") = "Matches.Domain", "Matches\Matches.Domain\Matches.Domain.csproj", "{BD28E874-C41E-455B-A0CD-85E6D33B0C50}"
EndProject
Project("{FAE04EC0-301F-11D3-BF4B-00C04F79EFBC}") = "Matches.Application", "Matches\Matches.Application\Matches.Application.csproj", "{131736D0-7317-45DE-8096-002283E76F03}"
EndProject
Project("{FAE04EC0-301F-11D3-BF4B-00C04F79EFBC}") = "Matches.Infrastructure", "Matches\Matches.Infrastructure\Matches.Infrastructure.csproj", "{5816F74E-DD97-41C1-AFBF-38398D100F8E}"
EndProject
Project("{FAE04EC0-301F-11D3-BF4B-00C04F79EFBC}") = "Matches.Startup", "Matches\Matches.Startup\Matches.Startup.csproj", "{E75B3EA7-14D6-487B-8F0A-B548DE371F61}"
EndProject
Project("{FAE04EC0-301F-11D3-BF4B-00C04F79EFBC}") = "Matches.Web", "Matches\Matches.Web\Matches.Web.csproj", "{5025EB2C-77A5-4341-9906-AA0D6C6D6FDA}"
EndProject
Global
	GlobalSection(SolutionConfigurationPlatforms) = preSolution
		Debug|Any CPU = Debug|Any CPU
		Release|Any CPU = Release|Any CPU
	EndGlobalSection
	GlobalSection(ProjectConfigurationPlatforms) = postSolution
		{F127286B-9704-48BB-BD4A-C33A262D0007}.Debug|Any CPU.ActiveCfg = Debug|Any CPU
		{F127286B-9704-48BB-BD4A-C33A262D0007}.Debug|Any CPU.Build.0 = Debug|Any CPU
		{F127286B-9704-48BB-BD4A-C33A262D0007}.Release|Any CPU.ActiveCfg = Release|Any CPU
		{F127286B-9704-48BB-BD4A-C33A262D0007}.Release|Any CPU.Build.0 = Release|Any CPU
		{84D479AB-D6CC-4DB5-82D4-ABD677F634D7}.Debug|Any CPU.ActiveCfg = Debug|Any CPU
		{84D479AB-D6CC-4DB5-82D4-ABD677F634D7}.Debug|Any CPU.Build.0 = Debug|Any CPU
		{84D479AB-D6CC-4DB5-82D4-ABD677F634D7}.Release|Any CPU.ActiveCfg = Release|Any CPU
		{84D479AB-D6CC-4DB5-82D4-ABD677F634D7}.Release|Any CPU.Build.0 = Release|Any CPU
		{9439F847-FD10-4B09-93A6-5183D68B2869}.Debug|Any CPU.ActiveCfg = Debug|Any CPU
		{9439F847-FD10-4B09-93A6-5183D68B2869}.Debug|Any CPU.Build.0 = Debug|Any CPU
		{9439F847-FD10-4B09-93A6-5183D68B2869}.Release|Any CPU.ActiveCfg = Release|Any CPU
		{9439F847-FD10-4B09-93A6-5183D68B2869}.Release|Any CPU.Build.0 = Release|Any CPU
		{BCEA6EE6-9003-454E-8A98-F52CC86FA1C7}.Debug|Any CPU.ActiveCfg = Debug|Any CPU
		{BCEA6EE6-9003-454E-8A98-F52CC86FA1C7}.Debug|Any CPU.Build.0 = Debug|Any CPU
		{BCEA6EE6-9003-454E-8A98-F52CC86FA1C7}.Release|Any CPU.ActiveCfg = Release|Any CPU
		{BCEA6EE6-9003-454E-8A98-F52CC86FA1C7}.Release|Any CPU.Build.0 = Release|Any CPU
		{9C3A7D00-9CF6-4401-8492-4B03C0881241}.Debug|Any CPU.ActiveCfg = Debug|Any CPU
		{9C3A7D00-9CF6-4401-8492-4B03C0881241}.Debug|Any CPU.Build.0 = Debug|Any CPU
		{9C3A7D00-9CF6-4401-8492-4B03C0881241}.Release|Any CPU.ActiveCfg = Release|Any CPU
		{9C3A7D00-9CF6-4401-8492-4B03C0881241}.Release|Any CPU.Build.0 = Release|Any CPU
		{CBAC3294-5F38-423B-9FC1-79E9F7DE4269}.Debug|Any CPU.ActiveCfg = Debug|Any CPU
		{CBAC3294-5F38-423B-9FC1-79E9F7DE4269}.Debug|Any CPU.Build.0 = Debug|Any CPU
		{CBAC3294-5F38-423B-9FC1-79E9F7DE4269}.Release|Any CPU.ActiveCfg = Release|Any CPU
		{CBAC3294-5F38-423B-9FC1-79E9F7DE4269}.Release|Any CPU.Build.0 = Release|Any CPU
		{E31E9290-32C6-481D-AAD3-A3394C5B34F6}.Debug|Any CPU.ActiveCfg = Debug|Any CPU
		{E31E9290-32C6-481D-AAD3-A3394C5B34F6}.Debug|Any CPU.Build.0 = Debug|Any CPU
		{E31E9290-32C6-481D-AAD3-A3394C5B34F6}.Release|Any CPU.ActiveCfg = Release|Any CPU
		{E31E9290-32C6-481D-AAD3-A3394C5B34F6}.Release|Any CPU.Build.0 = Release|Any CPU
		{B202A714-5FF9-4272-AEB5-F8E8C5F23D3B}.Debug|Any CPU.ActiveCfg = Debug|Any CPU
		{B202A714-5FF9-4272-AEB5-F8E8C5F23D3B}.Debug|Any CPU.Build.0 = Debug|Any CPU
		{B202A714-5FF9-4272-AEB5-F8E8C5F23D3B}.Release|Any CPU.ActiveCfg = Release|Any CPU
		{B202A714-5FF9-4272-AEB5-F8E8C5F23D3B}.Release|Any CPU.Build.0 = Release|Any CPU
		{9807DB95-3AD5-4ADC-8EDC-65E4047ED7D2}.Debug|Any CPU.ActiveCfg = Debug|Any CPU
		{9807DB95-3AD5-4ADC-8EDC-65E4047ED7D2}.Debug|Any CPU.Build.0 = Debug|Any CPU
		{9807DB95-3AD5-4ADC-8EDC-65E4047ED7D2}.Release|Any CPU.ActiveCfg = Release|Any CPU
		{9807DB95-3AD5-4ADC-8EDC-65E4047ED7D2}.Release|Any CPU.Build.0 = Release|Any CPU
		{3B55A1E4-2B29-457C-929B-9BF3F1C85B1F}.Debug|Any CPU.ActiveCfg = Debug|Any CPU
		{3B55A1E4-2B29-457C-929B-9BF3F1C85B1F}.Debug|Any CPU.Build.0 = Debug|Any CPU
		{3B55A1E4-2B29-457C-929B-9BF3F1C85B1F}.Release|Any CPU.ActiveCfg = Release|Any CPU
		{3B55A1E4-2B29-457C-929B-9BF3F1C85B1F}.Release|Any CPU.Build.0 = Release|Any CPU
		{89FA5052-67DA-4FF4-8CDF-1CD70E8D8FBF}.Debug|Any CPU.ActiveCfg = Debug|Any CPU
		{89FA5052-67DA-4FF4-8CDF-1CD70E8D8FBF}.Debug|Any CPU.Build.0 = Debug|Any CPU
		{89FA5052-67DA-4FF4-8CDF-1CD70E8D8FBF}.Release|Any CPU.ActiveCfg = Release|Any CPU
		{89FA5052-67DA-4FF4-8CDF-1CD70E8D8FBF}.Release|Any CPU.Build.0 = Release|Any CPU
		{D18A37A2-4CF0-4047-998A-A0B828875D39}.Debug|Any CPU.ActiveCfg = Debug|Any CPU
		{D18A37A2-4CF0-4047-998A-A0B828875D39}.Debug|Any CPU.Build.0 = Debug|Any CPU
		{D18A37A2-4CF0-4047-998A-A0B828875D39}.Release|Any CPU.ActiveCfg = Release|Any CPU
		{D18A37A2-4CF0-4047-998A-A0B828875D39}.Release|Any CPU.Build.0 = Release|Any CPU
		{BCA1F77B-E0B3-4338-81DC-5550C693ABC6}.Debug|Any CPU.ActiveCfg = Debug|Any CPU
		{BCA1F77B-E0B3-4338-81DC-5550C693ABC6}.Debug|Any CPU.Build.0 = Debug|Any CPU
		{BCA1F77B-E0B3-4338-81DC-5550C693ABC6}.Release|Any CPU.ActiveCfg = Release|Any CPU
		{BCA1F77B-E0B3-4338-81DC-5550C693ABC6}.Release|Any CPU.Build.0 = Release|Any CPU
		{1A2CDCCE-36AF-44DA-A92C-C703A0BC16A8}.Debug|Any CPU.ActiveCfg = Debug|Any CPU
		{1A2CDCCE-36AF-44DA-A92C-C703A0BC16A8}.Debug|Any CPU.Build.0 = Debug|Any CPU
		{1A2CDCCE-36AF-44DA-A92C-C703A0BC16A8}.Release|Any CPU.ActiveCfg = Release|Any CPU
		{1A2CDCCE-36AF-44DA-A92C-C703A0BC16A8}.Release|Any CPU.Build.0 = Release|Any CPU
		{414A45B7-B0B0-4BBA-B174-39E6944A29FD}.Debug|Any CPU.ActiveCfg = Debug|Any CPU
		{414A45B7-B0B0-4BBA-B174-39E6944A29FD}.Debug|Any CPU.Build.0 = Debug|Any CPU
		{414A45B7-B0B0-4BBA-B174-39E6944A29FD}.Release|Any CPU.ActiveCfg = Release|Any CPU
		{414A45B7-B0B0-4BBA-B174-39E6944A29FD}.Release|Any CPU.Build.0 = Release|Any CPU
		{10715B56-2F71-49EB-B518-EAA438A35E2E}.Debug|Any CPU.ActiveCfg = Debug|Any CPU
		{10715B56-2F71-49EB-B518-EAA438A35E2E}.Debug|Any CPU.Build.0 = Debug|Any CPU
		{10715B56-2F71-49EB-B518-EAA438A35E2E}.Release|Any CPU.ActiveCfg = Release|Any CPU
		{10715B56-2F71-49EB-B518-EAA438A35E2E}.Release|Any CPU.Build.0 = Release|Any CPU
		{0052BB52-C72D-459F-9D06-EB0AB81F214A}.Debug|Any CPU.ActiveCfg = Debug|Any CPU
		{0052BB52-C72D-459F-9D06-EB0AB81F214A}.Debug|Any CPU.Build.0 = Debug|Any CPU
		{0052BB52-C72D-459F-9D06-EB0AB81F214A}.Release|Any CPU.ActiveCfg = Release|Any CPU
		{0052BB52-C72D-459F-9D06-EB0AB81F214A}.Release|Any CPU.Build.0 = Release|Any CPU
		{62B67DF8-CE45-4541-9464-37BECFB5D219}.Debug|Any CPU.ActiveCfg = Debug|Any CPU
		{62B67DF8-CE45-4541-9464-37BECFB5D219}.Debug|Any CPU.Build.0 = Debug|Any CPU
		{62B67DF8-CE45-4541-9464-37BECFB5D219}.Release|Any CPU.ActiveCfg = Release|Any CPU
		{62B67DF8-CE45-4541-9464-37BECFB5D219}.Release|Any CPU.Build.0 = Release|Any CPU
		{BD28E874-C41E-455B-A0CD-85E6D33B0C50}.Debug|Any CPU.ActiveCfg = Debug|Any CPU
		{BD28E874-C41E-455B-A0CD-85E6D33B0C50}.Debug|Any CPU.Build.0 = Debug|Any CPU
		{BD28E874-C41E-455B-A0CD-85E6D33B0C50}.Release|Any CPU.ActiveCfg = Release|Any CPU
		{BD28E874-C41E-455B-A0CD-85E6D33B0C50}.Release|Any CPU.Build.0 = Release|Any CPU
		{131736D0-7317-45DE-8096-002283E76F03}.Debug|Any CPU.ActiveCfg = Debug|Any CPU
		{131736D0-7317-45DE-8096-002283E76F03}.Debug|Any CPU.Build.0 = Debug|Any CPU
		{131736D0-7317-45DE-8096-002283E76F03}.Release|Any CPU.ActiveCfg = Release|Any CPU
		{131736D0-7317-45DE-8096-002283E76F03}.Release|Any CPU.Build.0 = Release|Any CPU
		{5816F74E-DD97-41C1-AFBF-38398D100F8E}.Debug|Any CPU.ActiveCfg = Debug|Any CPU
		{5816F74E-DD97-41C1-AFBF-38398D100F8E}.Debug|Any CPU.Build.0 = Debug|Any CPU
		{5816F74E-DD97-41C1-AFBF-38398D100F8E}.Release|Any CPU.ActiveCfg = Release|Any CPU
		{5816F74E-DD97-41C1-AFBF-38398D100F8E}.Release|Any CPU.Build.0 = Release|Any CPU
		{E75B3EA7-14D6-487B-8F0A-B548DE371F61}.Debug|Any CPU.ActiveCfg = Debug|Any CPU
		{E75B3EA7-14D6-487B-8F0A-B548DE371F61}.Debug|Any CPU.Build.0 = Debug|Any CPU
		{E75B3EA7-14D6-487B-8F0A-B548DE371F61}.Release|Any CPU.ActiveCfg = Release|Any CPU
		{E75B3EA7-14D6-487B-8F0A-B548DE371F61}.Release|Any CPU.Build.0 = Release|Any CPU
		{5025EB2C-77A5-4341-9906-AA0D6C6D6FDA}.Debug|Any CPU.ActiveCfg = Debug|Any CPU
		{5025EB2C-77A5-4341-9906-AA0D6C6D6FDA}.Debug|Any CPU.Build.0 = Debug|Any CPU
		{5025EB2C-77A5-4341-9906-AA0D6C6D6FDA}.Release|Any CPU.ActiveCfg = Release|Any CPU
		{5025EB2C-77A5-4341-9906-AA0D6C6D6FDA}.Release|Any CPU.Build.0 = Release|Any CPU
	EndGlobalSection
	GlobalSection(SolutionProperties) = preSolution
		HideSolutionNode = FALSE
	EndGlobalSection
	GlobalSection(NestedProjects) = preSolution
		{F127286B-9704-48BB-BD4A-C33A262D0007} = {CD953C17-E54A-42A5-BA1A-FCB6C5E58C90}
		{84D479AB-D6CC-4DB5-82D4-ABD677F634D7} = {CD953C17-E54A-42A5-BA1A-FCB6C5E58C90}
		{9439F847-FD10-4B09-93A6-5183D68B2869} = {CD953C17-E54A-42A5-BA1A-FCB6C5E58C90}
		{BCEA6EE6-9003-454E-8A98-F52CC86FA1C7} = {CD953C17-E54A-42A5-BA1A-FCB6C5E58C90}
		{9C3A7D00-9CF6-4401-8492-4B03C0881241} = {CD953C17-E54A-42A5-BA1A-FCB6C5E58C90}
		{CBAC3294-5F38-423B-9FC1-79E9F7DE4269} = {F6026B6A-447F-4325-BE06-67956BB9D007}
		{E31E9290-32C6-481D-AAD3-A3394C5B34F6} = {F6026B6A-447F-4325-BE06-67956BB9D007}
		{B202A714-5FF9-4272-AEB5-F8E8C5F23D3B} = {F6026B6A-447F-4325-BE06-67956BB9D007}
		{9807DB95-3AD5-4ADC-8EDC-65E4047ED7D2} = {F6026B6A-447F-4325-BE06-67956BB9D007}
		{3B55A1E4-2B29-457C-929B-9BF3F1C85B1F} = {2801102F-5D6F-4631-8BDB-AFFD6AE9D765}
		{89FA5052-67DA-4FF4-8CDF-1CD70E8D8FBF} = {2801102F-5D6F-4631-8BDB-AFFD6AE9D765}
		{D18A37A2-4CF0-4047-998A-A0B828875D39} = {2801102F-5D6F-4631-8BDB-AFFD6AE9D765}
		{BCA1F77B-E0B3-4338-81DC-5550C693ABC6} = {2801102F-5D6F-4631-8BDB-AFFD6AE9D765}
		{1A2CDCCE-36AF-44DA-A92C-C703A0BC16A8} = {CEE06EB7-E6BC-436C-96A9-575E1AC2DA7D}
		{414A45B7-B0B0-4BBA-B174-39E6944A29FD} = {CEE06EB7-E6BC-436C-96A9-575E1AC2DA7D}
		{10715B56-2F71-49EB-B518-EAA438A35E2E} = {CEE06EB7-E6BC-436C-96A9-575E1AC2DA7D}
		{0052BB52-C72D-459F-9D06-EB0AB81F214A} = {CEE06EB7-E6BC-436C-96A9-575E1AC2DA7D}
		{62B67DF8-CE45-4541-9464-37BECFB5D219} = {CEE06EB7-E6BC-436C-96A9-575E1AC2DA7D}
		{BD28E874-C41E-455B-A0CD-85E6D33B0C50} = {DBD0ACAE-32D4-4FA6-B35A-38D8ADF62F12}
		{131736D0-7317-45DE-8096-002283E76F03} = {DBD0ACAE-32D4-4FA6-B35A-38D8ADF62F12}
		{5816F74E-DD97-41C1-AFBF-38398D100F8E} = {DBD0ACAE-32D4-4FA6-B35A-38D8ADF62F12}
		{E75B3EA7-14D6-487B-8F0A-B548DE371F61} = {DBD0ACAE-32D4-4FA6-B35A-38D8ADF62F12}
		{5025EB2C-77A5-4341-9906-AA0D6C6D6FDA} = {DBD0ACAE-32D4-4FA6-B35A-38D8ADF62F12}
	EndGlobalSection
	GlobalSection(ExtensibilityGlobals) = postSolution
		SolutionGuid = {4AF781BF-E7CD-4711-9DED-DD26132A211E}
	EndGlobalSection
EndGlobal
